// !$*UTF8*$!
{
	archiveVersion = 1;
	classes = {
	};
	objectVersion = 50;
	objects = {

/* Begin PBXBuildFile section */
		F6EFB3FF268779C300586E88 /* AppDelegate.swift in Sources */ = {isa = PBXBuildFile; fileRef = F6EFB3FE268779C300586E88 /* AppDelegate.swift */; };
		F6EFB401268779C300586E88 /* SceneDelegate.swift in Sources */ = {isa = PBXBuildFile; fileRef = F6EFB400268779C300586E88 /* SceneDelegate.swift */; };
		F6EFB403268779C300586E88 /* ViewController.swift in Sources */ = {isa = PBXBuildFile; fileRef = F6EFB402268779C300586E88 /* ViewController.swift */; };
		F6EFB408268779C600586E88 /* Assets.xcassets in Resources */ = {isa = PBXBuildFile; fileRef = F6EFB407268779C600586E88 /* Assets.xcassets */; };
		F6EFB40B268779C600586E88 /* LaunchScreen.storyboard in Resources */ = {isa = PBXBuildFile; fileRef = F6EFB409268779C600586E88 /* LaunchScreen.storyboard */; };
		F6EFB41726877BC100586E88 /* ControllerExtensions.swift in Sources */ = {isa = PBXBuildFile; fileRef = F6EFB41626877BC100586E88 /* ControllerExtensions.swift */; };
		F6EFB41926877CFE00586E88 /* Constants.swift in Sources */ = {isa = PBXBuildFile; fileRef = F6EFB41826877CFE00586E88 /* Constants.swift */; };
		F6EFB41B26877D7800586E88 /* Cheater.swift in Sources */ = {isa = PBXBuildFile; fileRef = F6EFB41A26877D7800586E88 /* Cheater.swift */; };
		F6EFB41D26877F4900586E88 /* AdViewController.swift in Sources */ = {isa = PBXBuildFile; fileRef = F6EFB41C26877F4900586E88 /* AdViewController.swift */; };
		F6EFB41F26877F9300586E88 /* ViewExtensions.swift in Sources */ = {isa = PBXBuildFile; fileRef = F6EFB41E26877F9300586E88 /* ViewExtensions.swift */; };
		F6EFB421268780A100586E88 /* README.md in Resources */ = {isa = PBXBuildFile; fileRef = F6EFB420268780A100586E88 /* README.md */; };
		F6EFB423268787D600586E88 /* GridCollectionViewCell.swift in Sources */ = {isa = PBXBuildFile; fileRef = F6EFB422268787D600586E88 /* GridCollectionViewCell.swift */; };
		F6EFB4252687904400586E88 /* Main.storyboard in Resources */ = {isa = PBXBuildFile; fileRef = F6EFB4242687904300586E88 /* Main.storyboard */; };
/* End PBXBuildFile section */

/* Begin PBXFileReference section */
		F6EFB3FB268779C300586E88 /* XCheater.app */ = {isa = PBXFileReference; explicitFileType = wrapper.application; includeInIndex = 0; path = XCheater.app; sourceTree = BUILT_PRODUCTS_DIR; };
		F6EFB3FE268779C300586E88 /* AppDelegate.swift */ = {isa = PBXFileReference; lastKnownFileType = sourcecode.swift; path = AppDelegate.swift; sourceTree = "<group>"; };
		F6EFB400268779C300586E88 /* SceneDelegate.swift */ = {isa = PBXFileReference; lastKnownFileType = sourcecode.swift; path = SceneDelegate.swift; sourceTree = "<group>"; };
		F6EFB402268779C300586E88 /* ViewController.swift */ = {isa = PBXFileReference; lastKnownFileType = sourcecode.swift; path = ViewController.swift; sourceTree = "<group>"; };
		F6EFB407268779C600586E88 /* Assets.xcassets */ = {isa = PBXFileReference; lastKnownFileType = folder.assetcatalog; path = Assets.xcassets; sourceTree = "<group>"; };
		F6EFB40A268779C600586E88 /* Base */ = {isa = PBXFileReference; lastKnownFileType = file.storyboard; name = Base; path = Base.lproj/LaunchScreen.storyboard; sourceTree = "<group>"; };
		F6EFB40C268779C600586E88 /* Info.plist */ = {isa = PBXFileReference; lastKnownFileType = text.plist.xml; path = Info.plist; sourceTree = "<group>"; };
		F6EFB41626877BC100586E88 /* ControllerExtensions.swift */ = {isa = PBXFileReference; lastKnownFileType = sourcecode.swift; path = ControllerExtensions.swift; sourceTree = "<group>"; };
		F6EFB41826877CFE00586E88 /* Constants.swift */ = {isa = PBXFileReference; lastKnownFileType = sourcecode.swift; path = Constants.swift; sourceTree = "<group>"; };
		F6EFB41A26877D7800586E88 /* Cheater.swift */ = {isa = PBXFileReference; lastKnownFileType = sourcecode.swift; path = Cheater.swift; sourceTree = "<group>"; };
		F6EFB41C26877F4900586E88 /* AdViewController.swift */ = {isa = PBXFileReference; lastKnownFileType = sourcecode.swift; path = AdViewController.swift; sourceTree = "<group>"; };
		F6EFB41E26877F9300586E88 /* ViewExtensions.swift */ = {isa = PBXFileReference; lastKnownFileType = sourcecode.swift; path = ViewExtensions.swift; sourceTree = "<group>"; };
		F6EFB420268780A100586E88 /* README.md */ = {isa = PBXFileReference; lastKnownFileType = net.daringfireball.markdown; path = README.md; sourceTree = "<group>"; };
		F6EFB422268787D600586E88 /* GridCollectionViewCell.swift */ = {isa = PBXFileReference; lastKnownFileType = sourcecode.swift; path = GridCollectionViewCell.swift; sourceTree = "<group>"; };
		F6EFB4242687904300586E88 /* Main.storyboard */ = {isa = PBXFileReference; fileEncoding = 4; lastKnownFileType = file.storyboard; path = Main.storyboard; sourceTree = "<group>"; };
/* End PBXFileReference section */

/* Begin PBXFrameworksBuildPhase section */
		F6EFB3F8268779C300586E88 /* Frameworks */ = {
			isa = PBXFrameworksBuildPhase;
			buildActionMask = 2147483647;
			files = (
			);
			runOnlyForDeploymentPostprocessing = 0;
		};
/* End PBXFrameworksBuildPhase section */

/* Begin PBXGroup section */
		F6EFB3F2268779C200586E88 = {
			isa = PBXGroup;
			children = (
				F6EFB3FD268779C300586E88 /* XCheater */,
				F6EFB3FC268779C300586E88 /* Products */,
			);
			sourceTree = "<group>";
		};
		F6EFB3FC268779C300586E88 /* Products */ = {
			isa = PBXGroup;
			children = (
				F6EFB3FB268779C300586E88 /* XCheater.app */,
			);
			name = Products;
			sourceTree = "<group>";
		};
		F6EFB3FD268779C300586E88 /* XCheater */ = {
			isa = PBXGroup;
			children = (
				F6EFB41526877A6900586E88 /* Controllers */,
				F6EFB41426877A4000586E88 /* Views */,
				F6EFB41226877A0B00586E88 /* Models */,
				F6EFB3FE268779C300586E88 /* AppDelegate.swift */,
				F6EFB400268779C300586E88 /* SceneDelegate.swift */,
				F6EFB407268779C600586E88 /* Assets.xcassets */,
				F6EFB4242687904300586E88 /* Main.storyboard */,
				F6EFB409268779C600586E88 /* LaunchScreen.storyboard */,
				F6EFB40C268779C600586E88 /* Info.plist */,
				F6EFB420268780A100586E88 /* README.md */,
			);
			path = XCheater;
			sourceTree = "<group>";
		};
		F6EFB41226877A0B00586E88 /* Models */ = {
			isa = PBXGroup;
			children = (
				F6EFB41826877CFE00586E88 /* Constants.swift */,
				F6EFB41A26877D7800586E88 /* Cheater.swift */,
			);
			path = Models;
			sourceTree = "<group>";
		};
		F6EFB41426877A4000586E88 /* Views */ = {
			isa = PBXGroup;
			children = (
				F6EFB41E26877F9300586E88 /* ViewExtensions.swift */,
				F6EFB422268787D600586E88 /* GridCollectionViewCell.swift */,
			);
			path = Views;
			sourceTree = "<group>";
		};
		F6EFB41526877A6900586E88 /* Controllers */ = {
			isa = PBXGroup;
			children = (
				F6EFB41626877BC100586E88 /* ControllerExtensions.swift */,
				F6EFB402268779C300586E88 /* ViewController.swift */,
				F6EFB41C26877F4900586E88 /* AdViewController.swift */,
			);
			path = Controllers;
			sourceTree = "<group>";
		};
/* End PBXGroup section */

/* Begin PBXNativeTarget section */
		F6EFB3FA268779C300586E88 /* XCheater */ = {
			isa = PBXNativeTarget;
			buildConfigurationList = F6EFB40F268779C600586E88 /* Build configuration list for PBXNativeTarget "XCheater" */;
			buildPhases = (
				F6EFB3F7268779C300586E88 /* Sources */,
				F6EFB3F8268779C300586E88 /* Frameworks */,
				F6EFB3F9268779C300586E88 /* Resources */,
			);
			buildRules = (
			);
			dependencies = (
			);
			name = XCheater;
			productName = XCheater;
			productReference = F6EFB3FB268779C300586E88 /* XCheater.app */;
			productType = "com.apple.product-type.application";
		};
/* End PBXNativeTarget section */

/* Begin PBXProject section */
		F6EFB3F3268779C200586E88 /* Project object */ = {
			isa = PBXProject;
			attributes = {
				LastSwiftUpdateCheck = 1140;
				LastUpgradeCheck = 1140;
				ORGANIZATIONNAME = "X INC.";
				TargetAttributes = {
					F6EFB3FA268779C300586E88 = {
						CreatedOnToolsVersion = 11.4;
					};
				};
			};
			buildConfigurationList = F6EFB3F6268779C200586E88 /* Build configuration list for PBXProject "XCheater" */;
			compatibilityVersion = "Xcode 9.3";
			developmentRegion = en;
			hasScannedForEncodings = 0;
			knownRegions = (
				en,
				Base,
			);
			mainGroup = F6EFB3F2268779C200586E88;
			productRefGroup = F6EFB3FC268779C300586E88 /* Products */;
			projectDirPath = "";
			projectRoot = "";
			targets = (
				F6EFB3FA268779C300586E88 /* XCheater */,
			);
		};
/* End PBXProject section */

/* Begin PBXResourcesBuildPhase section */
		F6EFB3F9268779C300586E88 /* Resources */ = {
			isa = PBXResourcesBuildPhase;
			buildActionMask = 2147483647;
			files = (
				F6EFB421268780A100586E88 /* README.md in Resources */,
				F6EFB40B268779C600586E88 /* LaunchScreen.storyboard in Resources */,
				F6EFB408268779C600586E88 /* Assets.xcassets in Resources */,
				F6EFB4252687904400586E88 /* Main.storyboard in Resources */,
			);
			runOnlyForDeploymentPostprocessing = 0;
		};
/* End PBXResourcesBuildPhase section */

/* Begin PBXSourcesBuildPhase section */
		F6EFB3F7268779C300586E88 /* Sources */ = {
			isa = PBXSourcesBuildPhase;
			buildActionMask = 2147483647;
			files = (
				F6EFB41B26877D7800586E88 /* Cheater.swift in Sources */,
				F6EFB41D26877F4900586E88 /* AdViewController.swift in Sources */,
				F6EFB41F26877F9300586E88 /* ViewExtensions.swift in Sources */,
				F6EFB423268787D600586E88 /* GridCollectionViewCell.swift in Sources */,
				F6EFB41926877CFE00586E88 /* Constants.swift in Sources */,
				F6EFB403268779C300586E88 /* ViewController.swift in Sources */,
				F6EFB41726877BC100586E88 /* ControllerExtensions.swift in Sources */,
				F6EFB3FF268779C300586E88 /* AppDelegate.swift in Sources */,
				F6EFB401268779C300586E88 /* SceneDelegate.swift in Sources */,
			);
			runOnlyForDeploymentPostprocessing = 0;
		};
/* End PBXSourcesBuildPhase section */

/* Begin PBXVariantGroup section */
		F6EFB409268779C600586E88 /* LaunchScreen.storyboard */ = {
			isa = PBXVariantGroup;
			children = (
				F6EFB40A268779C600586E88 /* Base */,
			);
			name = LaunchScreen.storyboard;
			sourceTree = "<group>";
		};
/* End PBXVariantGroup section */

/* Begin XCBuildConfiguration section */
		F6EFB40D268779C600586E88 /* Debug */ = {
			isa = XCBuildConfiguration;
			buildSettings = {
				ALWAYS_SEARCH_USER_PATHS = NO;
				CLANG_ANALYZER_NONNULL = YES;
				CLANG_ANALYZER_NUMBER_OBJECT_CONVERSION = YES_AGGRESSIVE;
				CLANG_CXX_LANGUAGE_STANDARD = "gnu++14";
				CLANG_CXX_LIBRARY = "libc++";
				CLANG_ENABLE_MODULES = YES;
				CLANG_ENABLE_OBJC_ARC = YES;
				CLANG_ENABLE_OBJC_WEAK = YES;
				CLANG_WARN_BLOCK_CAPTURE_AUTORELEASING = YES;
				CLANG_WARN_BOOL_CONVERSION = YES;
				CLANG_WARN_COMMA = YES;
				CLANG_WARN_CONSTANT_CONVERSION = YES;
				CLANG_WARN_DEPRECATED_OBJC_IMPLEMENTATIONS = YES;
				CLANG_WARN_DIRECT_OBJC_ISA_USAGE = YES_ERROR;
				CLANG_WARN_DOCUMENTATION_COMMENTS = YES;
				CLANG_WARN_EMPTY_BODY = YES;
				CLANG_WARN_ENUM_CONVERSION = YES;
				CLANG_WARN_INFINITE_RECURSION = YES;
				CLANG_WARN_INT_CONVERSION = YES;
				CLANG_WARN_NON_LITERAL_NULL_CONVERSION = YES;
				CLANG_WARN_OBJC_IMPLICIT_RETAIN_SELF = YES;
				CLANG_WARN_OBJC_LITERAL_CONVERSION = YES;
				CLANG_WARN_OBJC_ROOT_CLASS = YES_ERROR;
				CLANG_WARN_RANGE_LOOP_ANALYSIS = YES;
				CLANG_WARN_STRICT_PROTOTYPES = YES;
				CLANG_WARN_SUSPICIOUS_MOVE = YES;
				CLANG_WARN_UNGUARDED_AVAILABILITY = YES_AGGRESSIVE;
				CLANG_WARN_UNREACHABLE_CODE = YES;
				CLANG_WARN__DUPLICATE_METHOD_MATCH = YES;
				COPY_PHASE_STRIP = NO;
				DEBUG_INFORMATION_FORMAT = dwarf;
				ENABLE_STRICT_OBJC_MSGSEND = YES;
				ENABLE_TESTABILITY = YES;
				GCC_C_LANGUAGE_STANDARD = gnu11;
				GCC_DYNAMIC_NO_PIC = NO;
				GCC_NO_COMMON_BLOCKS = YES;
				GCC_OPTIMIZATION_LEVEL = 0;
				GCC_PREPROCESSOR_DEFINITIONS = (
					"DEBUG=1",
					"$(inherited)",
				);
				GCC_WARN_64_TO_32_BIT_CONVERSION = YES;
				GCC_WARN_ABOUT_RETURN_TYPE = YES_ERROR;
				GCC_WARN_UNDECLARED_SELECTOR = YES;
				GCC_WARN_UNINITIALIZED_AUTOS = YES_AGGRESSIVE;
				GCC_WARN_UNUSED_FUNCTION = YES;
				GCC_WARN_UNUSED_VARIABLE = YES;
				IPHONEOS_DEPLOYMENT_TARGET = 13.4;
				MTL_ENABLE_DEBUG_INFO = INCLUDE_SOURCE;
				MTL_FAST_MATH = YES;
				ONLY_ACTIVE_ARCH = YES;
				SDKROOT = iphoneos;
				SWIFT_ACTIVE_COMPILATION_CONDITIONS = DEBUG;
				SWIFT_OPTIMIZATION_LEVEL = "-Onone";
			};
			name = Debug;
		};
		F6EFB40E268779C600586E88 /* Release */ = {
			isa = XCBuildConfiguration;
			buildSettings = {
				ALWAYS_SEARCH_USER_PATHS = NO;
				CLANG_ANALYZER_NONNULL = YES;
				CLANG_ANALYZER_NUMBER_OBJECT_CONVERSION = YES_AGGRESSIVE;
				CLANG_CXX_LANGUAGE_STANDARD = "gnu++14";
				CLANG_CXX_LIBRARY = "libc++";
				CLANG_ENABLE_MODULES = YES;
				CLANG_ENABLE_OBJC_ARC = YES;
				CLANG_ENABLE_OBJC_WEAK = YES;
				CLANG_WARN_BLOCK_CAPTURE_AUTORELEASING = YES;
				CLANG_WARN_BOOL_CONVERSION = YES;
				CLANG_WARN_COMMA = YES;
				CLANG_WARN_CONSTANT_CONVERSION = YES;
				CLANG_WARN_DEPRECATED_OBJC_IMPLEMENTATIONS = YES;
				CLANG_WARN_DIRECT_OBJC_ISA_USAGE = YES_ERROR;
				CLANG_WARN_DOCUMENTATION_COMMENTS = YES;
				CLANG_WARN_EMPTY_BODY = YES;
				CLANG_WARN_ENUM_CONVERSION = YES;
				CLANG_WARN_INFINITE_RECURSION = YES;
				CLANG_WARN_INT_CONVERSION = YES;
				CLANG_WARN_NON_LITERAL_NULL_CONVERSION = YES;
				CLANG_WARN_OBJC_IMPLICIT_RETAIN_SELF = YES;
				CLANG_WARN_OBJC_LITERAL_CONVERSION = YES;
				CLANG_WARN_OBJC_ROOT_CLASS = YES_ERROR;
				CLANG_WARN_RANGE_LOOP_ANALYSIS = YES;
				CLANG_WARN_STRICT_PROTOTYPES = YES;
				CLANG_WARN_SUSPICIOUS_MOVE = YES;
				CLANG_WARN_UNGUARDED_AVAILABILITY = YES_AGGRESSIVE;
				CLANG_WARN_UNREACHABLE_CODE = YES;
				CLANG_WARN__DUPLICATE_METHOD_MATCH = YES;
				COPY_PHASE_STRIP = NO;
				DEBUG_INFORMATION_FORMAT = "dwarf-with-dsym";
				ENABLE_NS_ASSERTIONS = NO;
				ENABLE_STRICT_OBJC_MSGSEND = YES;
				GCC_C_LANGUAGE_STANDARD = gnu11;
				GCC_NO_COMMON_BLOCKS = YES;
				GCC_WARN_64_TO_32_BIT_CONVERSION = YES;
				GCC_WARN_ABOUT_RETURN_TYPE = YES_ERROR;
				GCC_WARN_UNDECLARED_SELECTOR = YES;
				GCC_WARN_UNINITIALIZED_AUTOS = YES_AGGRESSIVE;
				GCC_WARN_UNUSED_FUNCTION = YES;
				GCC_WARN_UNUSED_VARIABLE = YES;
				IPHONEOS_DEPLOYMENT_TARGET = 13.4;
				MTL_ENABLE_DEBUG_INFO = NO;
				MTL_FAST_MATH = YES;
				SDKROOT = iphoneos;
				SWIFT_COMPILATION_MODE = wholemodule;
				SWIFT_OPTIMIZATION_LEVEL = "-O";
				VALIDATE_PRODUCT = YES;
			};
			name = Release;
		};
		F6EFB410268779C600586E88 /* Debug */ = {
			isa = XCBuildConfiguration;
			buildSettings = {
				ASSETCATALOG_COMPILER_APPICON_NAME = AppIcon;
				CODE_SIGN_STYLE = Automatic;
				INFOPLIST_FILE = XCheater/Info.plist;
				LD_RUNPATH_SEARCH_PATHS = (
					"$(inherited)",
					"@executable_path/Frameworks",
				);
				PRODUCT_BUNDLE_IDENTIFIER = com.x.XCheater;
				PRODUCT_NAME = "$(TARGET_NAME)";
				SWIFT_VERSION = 5.0;
				TARGETED_DEVICE_FAMILY = "1,2";
			};
			name = Debug;
		};
		F6EFB411268779C600586E88 /* Release */ = {
			isa = XCBuildConfiguration;
			buildSettings = {
				ASSETCATALOG_COMPILER_APPICON_NAME = AppIcon;
				CODE_SIGN_STYLE = Automatic;
				INFOPLIST_FILE = XCheater/Info.plist;
				LD_RUNPATH_SEARCH_PATHS = (
					"$(inherited)",
					"@executable_path/Frameworks",
				);
				PRODUCT_BUNDLE_IDENTIFIER = com.x.XCheater;
				PRODUCT_NAME = "$(TARGET_NAME)";
				SWIFT_VERSION = 5.0;
				TARGETED_DEVICE_FAMILY = "1,2";
			};
			name = Release;
		};
/* End XCBuildConfiguration section */

/* Begin XCConfigurationList section */
		F6EFB3F6268779C200586E88 /* Build configuration list for PBXProject "XCheater" */ = {
			isa = XCConfigurationList;
			buildConfigurations = (
				F6EFB40D268779C600586E88 /* Debug */,
				F6EFB40E268779C600586E88 /* Release */,
			);
			defaultConfigurationIsVisible = 0;
			defaultConfigurationName = Release;
		};
		F6EFB40F268779C600586E88 /* Build configuration list for PBXNativeTarget "XCheater" */ = {
			isa = XCConfigurationList;
			buildConfigurations = (
				F6EFB410268779C600586E88 /* Debug */,
				F6EFB411268779C600586E88 /* Release */,
			);
			defaultConfigurationIsVisible = 0;
			defaultConfigurationName = Release;
		};
/* End XCConfigurationList section */
	};
	rootObject = F6EFB3F3268779C200586E88 /* Project object */;
}
